
Microsoft Visual Studio Solution File, Format Version 12.00
# Visual Studio Version 17
VisualStudioVersion = 17.14.36623.8
MinimumVisualStudioVersion = 10.0.40219.1
Project("{FAE04EC0-301F-11D3-BF4B-00C04F79EFBC}") = "WhatTheDob.API", "src\WhatTheDob.API\WhatTheDob.API.csproj", "{0C32852B-F616-DE02-693B-200FCC049D4C}"
EndProject
Project("{FAE04EC0-301F-11D3-BF4B-00C04F79EFBC}") = "WhatTheDob.Domain", "src\WhatTheDob.Domain\WhatTheDob.Domain.csproj", "{0B5CB424-C7FB-4C6A-9ED8-923D5DCDB92E}"
EndProject
Project("{FAE04EC0-301F-11D3-BF4B-00C04F79EFBC}") = "WhatTheDob.Infrastructure", "src\WhatTheDob.Infrastructure\WhatTheDob.Infrastructure.csproj", "{7B1EFD74-0FE9-43E3-8E00-A0A0188252B6}"
EndProject
Project("{FAE04EC0-301F-11D3-BF4B-00C04F79EFBC}") = "WhatTheDob.Application", "src\WhatTheDob.Application\WhatTheDob.Application.csproj", "{6C10250F-FBB9-42D3-B5E7-16DD13F309D6}"
EndProject
Project("{FAE04EC0-301F-11D3-BF4B-00C04F79EFBC}") = "WhatTheDob.Web", "src\WhatTheDob.Web\WhatTheDob.Web.csproj", "{2FED4AAF-FD6D-4A39-9573-EAE2FE4225EF}"
EndProject
Global
	GlobalSection(SolutionConfigurationPlatforms) = preSolution
		Debug|Any CPU = Debug|Any CPU
		Release|Any CPU = Release|Any CPU
	EndGlobalSection
	GlobalSection(ProjectConfigurationPlatforms) = postSolution
		{0C32852B-F616-DE02-693B-200FCC049D4C}.Debug|Any CPU.ActiveCfg = Debug|Any CPU
		{0C32852B-F616-DE02-693B-200FCC049D4C}.Debug|Any CPU.Build.0 = Debug|Any CPU
		{0C32852B-F616-DE02-693B-200FCC049D4C}.Release|Any CPU.ActiveCfg = Release|Any CPU
		{0C32852B-F616-DE02-693B-200FCC049D4C}.Release|Any CPU.Build.0 = Release|Any CPU
		{0B5CB424-C7FB-4C6A-9ED8-923D5DCDB92E}.Debug|Any CPU.ActiveCfg = Debug|Any CPU
		{0B5CB424-C7FB-4C6A-9ED8-923D5DCDB92E}.Debug|Any CPU.Build.0 = Debug|Any CPU
		{0B5CB424-C7FB-4C6A-9ED8-923D5DCDB92E}.Release|Any CPU.ActiveCfg = Release|Any CPU
		{0B5CB424-C7FB-4C6A-9ED8-923D5DCDB92E}.Release|Any CPU.Build.0 = Release|Any CPU
		{7B1EFD74-0FE9-43E3-8E00-A0A0188252B6}.Debug|Any CPU.ActiveCfg = Debug|Any CPU
		{7B1EFD74-0FE9-43E3-8E00-A0A0188252B6}.Debug|Any CPU.Build.0 = Debug|Any CPU
		{7B1EFD74-0FE9-43E3-8E00-A0A0188252B6}.Release|Any CPU.ActiveCfg = Release|Any CPU
		{7B1EFD74-0FE9-43E3-8E00-A0A0188252B6}.Release|Any CPU.Build.0 = Release|Any CPU
		{6C10250F-FBB9-42D3-B5E7-16DD13F309D6}.Debug|Any CPU.ActiveCfg = Debug|Any CPU
		{6C10250F-FBB9-42D3-B5E7-16DD13F309D6}.Debug|Any CPU.Build.0 = Debug|Any CPU
		{6C10250F-FBB9-42D3-B5E7-16DD13F309D6}.Release|Any CPU.ActiveCfg = Release|Any CPU
		{6C10250F-FBB9-42D3-B5E7-16DD13F309D6}.Release|Any CPU.Build.0 = Release|Any CPU
		{2FED4AAF-FD6D-4A39-9573-EAE2FE4225EF}.Debug|Any CPU.ActiveCfg = Debug|Any CPU
		{2FED4AAF-FD6D-4A39-9573-EAE2FE4225EF}.Debug|Any CPU.Build.0 = Debug|Any CPU
		{2FED4AAF-FD6D-4A39-9573-EAE2FE4225EF}.Release|Any CPU.ActiveCfg = Release|Any CPU
		{2FED4AAF-FD6D-4A39-9573-EAE2FE4225EF}.Release|Any CPU.Build.0 = Release|Any CPU
	EndGlobalSection
	GlobalSection(SolutionProperties) = preSolution
		HideSolutionNode = FALSE
	EndGlobalSection
	GlobalSection(ExtensibilityGlobals) = postSolution
		SolutionGuid = {1CA7CDBB-40EA-416D-9CE4-38F7D0EEB1AE}
	EndGlobalSection
EndGlobal
